// !$*UTF8*$!
{
	archiveVersion = 1;
	classes = {
	};
	objectVersion = 46;
	objects = {

/* Begin PBXBuildFile section */
		14A857BA196B476400901085 /* Foundation.framework in Frameworks */ = {isa = PBXBuildFile; fileRef = 14A857B9196B476400901085 /* Foundation.framework */; };
		14A857BC196B476400901085 /* CoreGraphics.framework in Frameworks */ = {isa = PBXBuildFile; fileRef = 14A857BB196B476400901085 /* CoreGraphics.framework */; };
		14A857BE196B476400901085 /* UIKit.framework in Frameworks */ = {isa = PBXBuildFile; fileRef = 14A857BD196B476400901085 /* UIKit.framework */; };
		14A857C4196B476400901085 /* InfoPlist.strings in Resources */ = {isa = PBXBuildFile; fileRef = 14A857C2196B476400901085 /* InfoPlist.strings */; };
		14A857C6196B476400901085 /* main.m in Sources */ = {isa = PBXBuildFile; fileRef = 14A857C5196B476400901085 /* main.m */; };
		14A857CA196B476400901085 /* AppDelegate.m in Sources */ = {isa = PBXBuildFile; fileRef = 14A857C9196B476400901085 /* AppDelegate.m */; };
		14A857CD196B476400901085 /* Main.storyboard in Resources */ = {isa = PBXBuildFile; fileRef = 14A857CB196B476400901085 /* Main.storyboard */; };
		14A857D0196B476400901085 /* ViewController.m in Sources */ = {isa = PBXBuildFile; fileRef = 14A857CF196B476400901085 /* ViewController.m */; };
		14A857D2196B476400901085 /* Images.xcassets in Resources */ = {isa = PBXBuildFile; fileRef = 14A857D1196B476400901085 /* Images.xcassets */; };
		14A857D9196B476400901085 /* XCTest.framework in Frameworks */ = {isa = PBXBuildFile; fileRef = 14A857D8196B476400901085 /* XCTest.framework */; };
		14A857DA196B476400901085 /* Foundation.framework in Frameworks */ = {isa = PBXBuildFile; fileRef = 14A857B9196B476400901085 /* Foundation.framework */; };
		14A857DB196B476500901085 /* UIKit.framework in Frameworks */ = {isa = PBXBuildFile; fileRef = 14A857BD196B476400901085 /* UIKit.framework */; };
		14A857E3196B476500901085 /* InfoPlist.strings in Resources */ = {isa = PBXBuildFile; fileRef = 14A857E1196B476500901085 /* InfoPlist.strings */; };
		14A857E5196B476500901085 /* GrocrTests.m in Sources */ = {isa = PBXBuildFile; fileRef = 14A857E4196B476500901085 /* GrocrTests.m */; };
		14A857F1196B573500901085 /* broccoli.png in Resources */ = {isa = PBXBuildFile; fileRef = 14A857EE196B573500901085 /* broccoli.png */; };
		14A857F2196B573500901085 /* carrot.png in Resources */ = {isa = PBXBuildFile; fileRef = 14A857EF196B573500901085 /* carrot.png */; };
		14A857F3196B573500901085 /* dumpling.png in Resources */ = {isa = PBXBuildFile; fileRef = 14A857F0196B573500901085 /* dumpling.png */; };
		14A857F7196E017E00901085 /* controls.png in Resources */ = {isa = PBXBuildFile; fileRef = 14A857F6196E017E00901085 /* controls.png */; };
		14A857F9196E045D00901085 /* gear.png in Resources */ = {isa = PBXBuildFile; fileRef = 14A857F8196E045D00901085 /* gear.png */; };
		14A857FB196E051D00901085 /* dialoguebubble.png in Resources */ = {isa = PBXBuildFile; fileRef = 14A857FA196E051D00901085 /* dialoguebubble.png */; };
		14A857FD196E05F900901085 /* bannerlogo.png in Resources */ = {isa = PBXBuildFile; fileRef = 14A857FC196E05F900901085 /* bannerlogo.png */; };
		14A857FF196E065C00901085 /* bannerline.png in Resources */ = {isa = PBXBuildFile; fileRef = 14A857FE196E065C00901085 /* bannerline.png */; };
		14A85801196E104200901085 /* launchimage1.png in Resources */ = {isa = PBXBuildFile; fileRef = 14A85800196E104200901085 /* launchimage1.png */; };
		14A85805196E10C600901085 /* launchimage3.png in Resources */ = {isa = PBXBuildFile; fileRef = 14A85804196E10C600901085 /* launchimage3.png */; };
		14A85807196E17DC00901085 /* snapshot.png in Resources */ = {isa = PBXBuildFile; fileRef = 14A85806196E17DC00901085 /* snapshot.png */; };
		14A8580A196E1E0F00901085 /* book.png in Resources */ = {isa = PBXBuildFile; fileRef = 14A85808196E1E0F00901085 /* book.png */; };
		14A8580B196E1E0F00901085 /* people.png in Resources */ = {isa = PBXBuildFile; fileRef = 14A85809196E1E0F00901085 /* people.png */; };
/* End PBXBuildFile section */

/* Begin PBXContainerItemProxy section */
		14A857DC196B476500901085 /* PBXContainerItemProxy */ = {
			isa = PBXContainerItemProxy;
			containerPortal = 14A857AE196B476400901085 /* Project object */;
			proxyType = 1;
			remoteGlobalIDString = 14A857B5196B476400901085;
			remoteInfo = Grocr;
		};
/* End PBXContainerItemProxy section */

/* Begin PBXFileReference section */
		14A857B6196B476400901085 /* Grocr.app */ = {isa = PBXFileReference; explicitFileType = wrapper.application; includeInIndex = 0; path = Grocr.app; sourceTree = BUILT_PRODUCTS_DIR; };
		14A857B9196B476400901085 /* Foundation.framework */ = {isa = PBXFileReference; lastKnownFileType = wrapper.framework; name = Foundation.framework; path = System/Library/Frameworks/Foundation.framework; sourceTree = SDKROOT; };
		14A857BB196B476400901085 /* CoreGraphics.framework */ = {isa = PBXFileReference; lastKnownFileType = wrapper.framework; name = CoreGraphics.framework; path = System/Library/Frameworks/CoreGraphics.framework; sourceTree = SDKROOT; };
		14A857BD196B476400901085 /* UIKit.framework */ = {isa = PBXFileReference; lastKnownFileType = wrapper.framework; name = UIKit.framework; path = System/Library/Frameworks/UIKit.framework; sourceTree = SDKROOT; };
		14A857C1196B476400901085 /* Grocr-Info.plist */ = {isa = PBXFileReference; lastKnownFileType = text.plist.xml; path = "Grocr-Info.plist"; sourceTree = "<group>"; };
		14A857C3196B476400901085 /* en */ = {isa = PBXFileReference; lastKnownFileType = text.plist.strings; name = en; path = en.lproj/InfoPlist.strings; sourceTree = "<group>"; };
		14A857C5196B476400901085 /* main.m */ = {isa = PBXFileReference; lastKnownFileType = sourcecode.c.objc; path = main.m; sourceTree = "<group>"; };
		14A857C7196B476400901085 /* Grocr-Prefix.pch */ = {isa = PBXFileReference; lastKnownFileType = sourcecode.c.h; path = "Grocr-Prefix.pch"; sourceTree = "<group>"; };
		14A857C8196B476400901085 /* AppDelegate.h */ = {isa = PBXFileReference; lastKnownFileType = sourcecode.c.h; path = AppDelegate.h; sourceTree = "<group>"; };
		14A857C9196B476400901085 /* AppDelegate.m */ = {isa = PBXFileReference; lastKnownFileType = sourcecode.c.objc; path = AppDelegate.m; sourceTree = "<group>"; };
		14A857CC196B476400901085 /* Base */ = {isa = PBXFileReference; lastKnownFileType = file.storyboard; name = Base; path = Base.lproj/Main.storyboard; sourceTree = "<group>"; };
		14A857CE196B476400901085 /* ViewController.h */ = {isa = PBXFileReference; lastKnownFileType = sourcecode.c.h; path = ViewController.h; sourceTree = "<group>"; };
		14A857CF196B476400901085 /* ViewController.m */ = {isa = PBXFileReference; lastKnownFileType = sourcecode.c.objc; path = ViewController.m; sourceTree = "<group>"; };
		14A857D1196B476400901085 /* Images.xcassets */ = {isa = PBXFileReference; lastKnownFileType = folder.assetcatalog; path = Images.xcassets; sourceTree = "<group>"; };
		14A857D7196B476400901085 /* GrocrTests.xctest */ = {isa = PBXFileReference; explicitFileType = wrapper.cfbundle; includeInIndex = 0; path = GrocrTests.xctest; sourceTree = BUILT_PRODUCTS_DIR; };
		14A857D8196B476400901085 /* XCTest.framework */ = {isa = PBXFileReference; lastKnownFileType = wrapper.framework; name = XCTest.framework; path = Library/Frameworks/XCTest.framework; sourceTree = DEVELOPER_DIR; };
		14A857E0196B476500901085 /* GrocrTests-Info.plist */ = {isa = PBXFileReference; lastKnownFileType = text.plist.xml; path = "GrocrTests-Info.plist"; sourceTree = "<group>"; };
		14A857E2196B476500901085 /* en */ = {isa = PBXFileReference; lastKnownFileType = text.plist.strings; name = en; path = en.lproj/InfoPlist.strings; sourceTree = "<group>"; };
		14A857E4196B476500901085 /* GrocrTests.m */ = {isa = PBXFileReference; lastKnownFileType = sourcecode.c.objc; path = GrocrTests.m; sourceTree = "<group>"; };
		14A857EE196B573500901085 /* broccoli.png */ = {isa = PBXFileReference; lastKnownFileType = image.png; path = broccoli.png; sourceTree = "<group>"; };
		14A857EF196B573500901085 /* carrot.png */ = {isa = PBXFileReference; lastKnownFileType = image.png; path = carrot.png; sourceTree = "<group>"; };
		14A857F0196B573500901085 /* dumpling.png */ = {isa = PBXFileReference; lastKnownFileType = image.png; path = dumpling.png; sourceTree = "<group>"; };
		14A857F6196E017E00901085 /* controls.png */ = {isa = PBXFileReference; lastKnownFileType = image.png; path = controls.png; sourceTree = "<group>"; };
		14A857F8196E045D00901085 /* gear.png */ = {isa = PBXFileReference; lastKnownFileType = image.png; path = gear.png; sourceTree = "<group>"; };
		14A857FA196E051D00901085 /* dialoguebubble.png */ = {isa = PBXFileReference; lastKnownFileType = image.png; path = dialoguebubble.png; sourceTree = "<group>"; };
		14A857FC196E05F900901085 /* bannerlogo.png */ = {isa = PBXFileReference; lastKnownFileType = image.png; path = bannerlogo.png; sourceTree = "<group>"; };
		14A857FE196E065C00901085 /* bannerline.png */ = {isa = PBXFileReference; lastKnownFileType = image.png; path = bannerline.png; sourceTree = "<group>"; };
		14A85800196E104200901085 /* launchimage1.png */ = {isa = PBXFileReference; lastKnownFileType = image.png; path = launchimage1.png; sourceTree = "<group>"; };
		14A85804196E10C600901085 /* launchimage3.png */ = {isa = PBXFileReference; lastKnownFileType = image.png; path = launchimage3.png; sourceTree = "<group>"; };
		14A85806196E17DC00901085 /* snapshot.png */ = {isa = PBXFileReference; lastKnownFileType = image.png; path = snapshot.png; sourceTree = "<group>"; };
		14A85808196E1E0F00901085 /* book.png */ = {isa = PBXFileReference; lastKnownFileType = image.png; path = book.png; sourceTree = "<group>"; };
		14A85809196E1E0F00901085 /* people.png */ = {isa = PBXFileReference; lastKnownFileType = image.png; path = people.png; sourceTree = "<group>"; };
/* End PBXFileReference section */

/* Begin PBXFrameworksBuildPhase section */
		14A857B3196B476400901085 /* Frameworks */ = {
			isa = PBXFrameworksBuildPhase;
			buildActionMask = 2147483647;
			files = (
				14A857BC196B476400901085 /* CoreGraphics.framework in Frameworks */,
				14A857BE196B476400901085 /* UIKit.framework in Frameworks */,
				14A857BA196B476400901085 /* Foundation.framework in Frameworks */,
			);
			runOnlyForDeploymentPostprocessing = 0;
		};
		14A857D4196B476400901085 /* Frameworks */ = {
			isa = PBXFrameworksBuildPhase;
			buildActionMask = 2147483647;
			files = (
				14A857D9196B476400901085 /* XCTest.framework in Frameworks */,
				14A857DB196B476500901085 /* UIKit.framework in Frameworks */,
				14A857DA196B476400901085 /* Foundation.framework in Frameworks */,
			);
			runOnlyForDeploymentPostprocessing = 0;
		};
/* End PBXFrameworksBuildPhase section */

/* Begin PBXGroup section */
		14A857AD196B476400901085 = {
			isa = PBXGroup;
			children = (
				14A857BF196B476400901085 /* Grocr */,
				14A857DE196B476500901085 /* GrocrTests */,
				14A857B8196B476400901085 /* Frameworks */,
				14A857B7196B476400901085 /* Products */,
			);
			sourceTree = "<group>";
		};
		14A857B7196B476400901085 /* Products */ = {
			isa = PBXGroup;
			children = (
				14A857B6196B476400901085 /* Grocr.app */,
				14A857D7196B476400901085 /* GrocrTests.xctest */,
			);
			name = Products;
			sourceTree = "<group>";
		};
		14A857B8196B476400901085 /* Frameworks */ = {
			isa = PBXGroup;
			children = (
				14A857B9196B476400901085 /* Foundation.framework */,
				14A857BB196B476400901085 /* CoreGraphics.framework */,
				14A857BD196B476400901085 /* UIKit.framework */,
				14A857D8196B476400901085 /* XCTest.framework */,
			);
			name = Frameworks;
			sourceTree = "<group>";
		};
		14A857BF196B476400901085 /* Grocr */ = {
			isa = PBXGroup;
			children = (
				14A857C8196B476400901085 /* AppDelegate.h */,
				14A857C9196B476400901085 /* AppDelegate.m */,
				14A857CB196B476400901085 /* Main.storyboard */,
				14A857CE196B476400901085 /* ViewController.h */,
				14A857CF196B476400901085 /* ViewController.m */,
				14A857D1196B476400901085 /* Images.xcassets */,
				14A857C0196B476400901085 /* Supporting Files */,
			);
			path = Grocr;
			sourceTree = "<group>";
		};
		14A857C0196B476400901085 /* Supporting Files */ = {
			isa = PBXGroup;
			children = (
				14A85808196E1E0F00901085 /* book.png */,
				14A85809196E1E0F00901085 /* people.png */,
				14A85806196E17DC00901085 /* snapshot.png */,
				14A85804196E10C600901085 /* launchimage3.png */,
				14A85800196E104200901085 /* launchimage1.png */,
				14A857F8196E045D00901085 /* gear.png */,
				14A857FE196E065C00901085 /* bannerline.png */,
				14A857FC196E05F900901085 /* bannerlogo.png */,
				14A857F6196E017E00901085 /* controls.png */,
				14A857FA196E051D00901085 /* dialoguebubble.png */,
				14A857EE196B573500901085 /* broccoli.png */,
				14A857EF196B573500901085 /* carrot.png */,
				14A857F0196B573500901085 /* dumpling.png */,
				14A857C1196B476400901085 /* Grocr-Info.plist */,
				14A857C2196B476400901085 /* InfoPlist.strings */,
				14A857C5196B476400901085 /* main.m */,
				14A857C7196B476400901085 /* Grocr-Prefix.pch */,
			);
			name = "Supporting Files";
			sourceTree = "<group>";
		};
		14A857DE196B476500901085 /* GrocrTests */ = {
			isa = PBXGroup;
			children = (
				14A857E4196B476500901085 /* GrocrTests.m */,
				14A857DF196B476500901085 /* Supporting Files */,
			);
			path = GrocrTests;
			sourceTree = "<group>";
		};
		14A857DF196B476500901085 /* Supporting Files */ = {
			isa = PBXGroup;
			children = (
				14A857E0196B476500901085 /* GrocrTests-Info.plist */,
				14A857E1196B476500901085 /* InfoPlist.strings */,
			);
			name = "Supporting Files";
			sourceTree = "<group>";
		};
/* End PBXGroup section */

/* Begin PBXNativeTarget section */
		14A857B5196B476400901085 /* Grocr */ = {
			isa = PBXNativeTarget;
			buildConfigurationList = 14A857E8196B476500901085 /* Build configuration list for PBXNativeTarget "Grocr" */;
			buildPhases = (
				14A857B2196B476400901085 /* Sources */,
				14A857B3196B476400901085 /* Frameworks */,
				14A857B4196B476400901085 /* Resources */,
			);
			buildRules = (
			);
			dependencies = (
			);
			name = Grocr;
			productName = Grocr;
			productReference = 14A857B6196B476400901085 /* Grocr.app */;
			productType = "com.apple.product-type.application";
		};
		14A857D6196B476400901085 /* GrocrTests */ = {
			isa = PBXNativeTarget;
			buildConfigurationList = 14A857EB196B476500901085 /* Build configuration list for PBXNativeTarget "GrocrTests" */;
			buildPhases = (
				14A857D3196B476400901085 /* Sources */,
				14A857D4196B476400901085 /* Frameworks */,
				14A857D5196B476400901085 /* Resources */,
			);
			buildRules = (
			);
			dependencies = (
				14A857DD196B476500901085 /* PBXTargetDependency */,
			);
			name = GrocrTests;
			productName = GrocrTests;
			productReference = 14A857D7196B476400901085 /* GrocrTests.xctest */;
			productType = "com.apple.product-type.bundle.unit-test";
		};
/* End PBXNativeTarget section */

/* Begin PBXProject section */
		14A857AE196B476400901085 /* Project object */ = {
			isa = PBXProject;
			attributes = {
				LastUpgradeCheck = 0500;
				ORGANIZATIONNAME = "Sarah Nagy";
				TargetAttributes = {
					14A857D6196B476400901085 = {
						TestTargetID = 14A857B5196B476400901085;
					};
				};
			};
			buildConfigurationList = 14A857B1196B476400901085 /* Build configuration list for PBXProject "Grocr" */;
			compatibilityVersion = "Xcode 3.2";
			developmentRegion = English;
			hasScannedForEncodings = 0;
			knownRegions = (
				en,
				Base,
			);
			mainGroup = 14A857AD196B476400901085;
			productRefGroup = 14A857B7196B476400901085 /* Products */;
			projectDirPath = "";
			projectRoot = "";
			targets = (
				14A857B5196B476400901085 /* Grocr */,
				14A857D6196B476400901085 /* GrocrTests */,
			);
		};
/* End PBXProject section */

/* Begin PBXResourcesBuildPhase section */
		14A857B4196B476400901085 /* Resources */ = {
			isa = PBXResourcesBuildPhase;
			buildActionMask = 2147483647;
			files = (
				14A857FB196E051D00901085 /* dialoguebubble.png in Resources */,
				14A857FF196E065C00901085 /* bannerline.png in Resources */,
				14A8580B196E1E0F00901085 /* people.png in Resources */,
				14A857F7196E017E00901085 /* controls.png in Resources */,
				14A857FD196E05F900901085 /* bannerlogo.png in Resources */,
				14A857F1196B573500901085 /* broccoli.png in Resources */,
				14A857F9196E045D00901085 /* gear.png in Resources */,
				14A857D2196B476400901085 /* Images.xcassets in Resources */,
				14A85807196E17DC00901085 /* snapshot.png in Resources */,
				14A857C4196B476400901085 /* InfoPlist.strings in Resources */,
				14A85805196E10C600901085 /* launchimage3.png in Resources */,
				14A857F2196B573500901085 /* carrot.png in Resources */,
				14A8580A196E1E0F00901085 /* book.png in Resources */,
				14A857CD196B476400901085 /* Main.storyboard in Resources */,
				14A85801196E104200901085 /* launchimage1.png in Resources */,
				14A857F3196B573500901085 /* dumpling.png in Resources */,
			);
			runOnlyForDeploymentPostprocessing = 0;
		};
		14A857D5196B476400901085 /* Resources */ = {
			isa = PBXResourcesBuildPhase;
			buildActionMask = 2147483647;
			files = (
				14A857E3196B476500901085 /* InfoPlist.strings in Resources */,
			);
			runOnlyForDeploymentPostprocessing = 0;
		};
/* End PBXResourcesBuildPhase section */

/* Begin PBXSourcesBuildPhase section */
		14A857B2196B476400901085 /* Sources */ = {
			isa = PBXSourcesBuildPhase;
			buildActionMask = 2147483647;
			files = (
				14A857D0196B476400901085 /* ViewController.m in Sources */,
				14A857CA196B476400901085 /* AppDelegate.m in Sources */,
				14A857C6196B476400901085 /* main.m in Sources */,
			);
			runOnlyForDeploymentPostprocessing = 0;
		};
		14A857D3196B476400901085 /* Sources */ = {
			isa = PBXSourcesBuildPhase;
			buildActionMask = 2147483647;
			files = (
				14A857E5196B476500901085 /* GrocrTests.m in Sources */,
			);
			runOnlyForDeploymentPostprocessing = 0;
		};
/* End PBXSourcesBuildPhase section */

/* Begin PBXTargetDependency section */
		14A857DD196B476500901085 /* PBXTargetDependency */ = {
			isa = PBXTargetDependency;
			target = 14A857B5196B476400901085 /* Grocr */;
			targetProxy = 14A857DC196B476500901085 /* PBXContainerItemProxy */;
		};
/* End PBXTargetDependency section */

/* Begin PBXVariantGroup section */
		14A857C2196B476400901085 /* InfoPlist.strings */ = {
			isa = PBXVariantGroup;
			children = (
				14A857C3196B476400901085 /* en */,
			);
			name = InfoPlist.strings;
			sourceTree = "<group>";
		};
		14A857CB196B476400901085 /* Main.storyboard */ = {
			isa = PBXVariantGroup;
			children = (
				14A857CC196B476400901085 /* Base */,
			);
			name = Main.storyboard;
			sourceTree = "<group>";
		};
		14A857E1196B476500901085 /* InfoPlist.strings */ = {
			isa = PBXVariantGroup;
			children = (
				14A857E2196B476500901085 /* en */,
			);
			name = InfoPlist.strings;
			sourceTree = "<group>";
		};
/* End PBXVariantGroup section */

/* Begin XCBuildConfiguration section */
		14A857E6196B476500901085 /* Debug */ = {
			isa = XCBuildConfiguration;
			buildSettings = {
				ALWAYS_SEARCH_USER_PATHS = NO;
				ARCHS = "$(ARCHS_STANDARD_INCLUDING_64_BIT)";
				CLANG_CXX_LANGUAGE_STANDARD = "gnu++0x";
				CLANG_CXX_LIBRARY = "libc++";
				CLANG_ENABLE_MODULES = YES;
				CLANG_ENABLE_OBJC_ARC = YES;
				CLANG_WARN_BOOL_CONVERSION = YES;
				CLANG_WARN_CONSTANT_CONVERSION = YES;
				CLANG_WARN_DIRECT_OBJC_ISA_USAGE = YES_ERROR;
				CLANG_WARN_EMPTY_BODY = YES;
				CLANG_WARN_ENUM_CONVERSION = YES;
				CLANG_WARN_INT_CONVERSION = YES;
				CLANG_WARN_OBJC_ROOT_CLASS = YES_ERROR;
				CLANG_WARN__DUPLICATE_METHOD_MATCH = YES;
				"CODE_SIGN_IDENTITY[sdk=iphoneos*]" = "iPhone Developer";
				COPY_PHASE_STRIP = NO;
				GCC_C_LANGUAGE_STANDARD = gnu99;
				GCC_DYNAMIC_NO_PIC = NO;
				GCC_OPTIMIZATION_LEVEL = 0;
				GCC_PREPROCESSOR_DEFINITIONS = (
					"DEBUG=1",
					"$(inherited)",
				);
				GCC_SYMBOLS_PRIVATE_EXTERN = NO;
				GCC_WARN_64_TO_32_BIT_CONVERSION = YES;
				GCC_WARN_ABOUT_RETURN_TYPE = YES_ERROR;
				GCC_WARN_UNDECLARED_SELECTOR = YES;
				GCC_WARN_UNINITIALIZED_AUTOS = YES;
				GCC_WARN_UNUSED_FUNCTION = YES;
				GCC_WARN_UNUSED_VARIABLE = YES;
				IPHONEOS_DEPLOYMENT_TARGET = 7.0;
				ONLY_ACTIVE_ARCH = YES;
				SDKROOT = iphoneos;
			};
			name = Debug;
		};
		14A857E7196B476500901085 /* Release */ = {
			isa = XCBuildConfiguration;
			buildSettings = {
				ALWAYS_SEARCH_USER_PATHS = NO;
				ARCHS = "$(ARCHS_STANDARD_INCLUDING_64_BIT)";
				CLANG_CXX_LANGUAGE_STANDARD = "gnu++0x";
				CLANG_CXX_LIBRARY = "libc++";
				CLANG_ENABLE_MODULES = YES;
				CLANG_ENABLE_OBJC_ARC = YES;
				CLANG_WARN_BOOL_CONVERSION = YES;
				CLANG_WARN_CONSTANT_CONVERSION = YES;
				CLANG_WARN_DIRECT_OBJC_ISA_USAGE = YES_ERROR;
				CLANG_WARN_EMPTY_BODY = YES;
				CLANG_WARN_ENUM_CONVERSION = YES;
				CLANG_WARN_INT_CONVERSION = YES;
				CLANG_WARN_OBJC_ROOT_CLASS = YES_ERROR;
				CLANG_WARN__DUPLICATE_METHOD_MATCH = YES;
				"CODE_SIGN_IDENTITY[sdk=iphoneos*]" = "iPhone Developer";
				COPY_PHASE_STRIP = YES;
				ENABLE_NS_ASSERTIONS = NO;
				GCC_C_LANGUAGE_STANDARD = gnu99;
				GCC_WARN_64_TO_32_BIT_CONVERSION = YES;
				GCC_WARN_ABOUT_RETURN_TYPE = YES_ERROR;
				GCC_WARN_UNDECLARED_SELECTOR = YES;
				GCC_WARN_UNINITIALIZED_AUTOS = YES;
				GCC_WARN_UNUSED_FUNCTION = YES;
				GCC_WARN_UNUSED_VARIABLE = YES;
				IPHONEOS_DEPLOYMENT_TARGET = 7.0;
				SDKROOT = iphoneos;
				VALIDATE_PRODUCT = YES;
			};
			name = Release;
		};
		14A857E9196B476500901085 /* Debug */ = {
			isa = XCBuildConfiguration;
			buildSettings = {
				ASSETCATALOG_COMPILER_APPICON_NAME = AppIcon;
				GCC_PRECOMPILE_PREFIX_HEADER = YES;
				GCC_PREFIX_HEADER = "Grocr/Grocr-Prefix.pch";
				INFOPLIST_FILE = "Grocr/Grocr-Info.plist";
				PRODUCT_NAME = "$(TARGET_NAME)";
				WRAPPER_EXTENSION = app;
			};
			name = Debug;
		};
		14A857EA196B476500901085 /* Release */ = {
			isa = XCBuildConfiguration;
			buildSettings = {
				ASSETCATALOG_COMPILER_APPICON_NAME = AppIcon;
				GCC_PRECOMPILE_PREFIX_HEADER = YES;
				GCC_PREFIX_HEADER = "Grocr/Grocr-Prefix.pch";
				INFOPLIST_FILE = "Grocr/Grocr-Info.plist";
				PRODUCT_NAME = "$(TARGET_NAME)";
				WRAPPER_EXTENSION = app;
			};
			name = Release;
		};
		14A857EC196B476500901085 /* Debug */ = {
			isa = XCBuildConfiguration;
			buildSettings = {
				ARCHS = "$(ARCHS_STANDARD_INCLUDING_64_BIT)";
				BUNDLE_LOADER = "$(BUILT_PRODUCTS_DIR)/Grocr.app/Grocr";
				FRAMEWORK_SEARCH_PATHS = (
					"$(SDKROOT)/Developer/Library/Frameworks",
					"$(inherited)",
					"$(DEVELOPER_FRAMEWORKS_DIR)",
				);
				GCC_PRECOMPILE_PREFIX_HEADER = YES;
				GCC_PREFIX_HEADER = "Grocr/Grocr-Prefix.pch";
				GCC_PREPROCESSOR_DEFINITIONS = (
					"DEBUG=1",
					"$(inherited)",
				);
				INFOPLIST_FILE = "GrocrTests/GrocrTests-Info.plist";
				PRODUCT_NAME = "$(TARGET_NAME)";
				TEST_HOST = "$(BUNDLE_LOADER)";
				WRAPPER_EXTENSION = xctest;
			};
			name = Debug;
		};
		14A857ED196B476500901085 /* Release */ = {
			isa = XCBuildConfiguration;
			buildSettings = {
				ARCHS = "$(ARCHS_STANDARD_INCLUDING_64_BIT)";
				BUNDLE_LOADER = "$(BUILT_PRODUCTS_DIR)/Grocr.app/Grocr";
				FRAMEWORK_SEARCH_PATHS = (
					"$(SDKROOT)/Developer/Library/Frameworks",
					"$(inherited)",
					"$(DEVELOPER_FRAMEWORKS_DIR)",
				);
				GCC_PRECOMPILE_PREFIX_HEADER = YES;
				GCC_PREFIX_HEADER = "Grocr/Grocr-Prefix.pch";
				INFOPLIST_FILE = "GrocrTests/GrocrTests-Info.plist";
				PRODUCT_NAME = "$(TARGET_NAME)";
				TEST_HOST = "$(BUNDLE_LOADER)";
				WRAPPER_EXTENSION = xctest;
			};
			name = Release;
		};
/* End XCBuildConfiguration section */

/* Begin XCConfigurationList section */
		14A857B1196B476400901085 /* Build configuration list for PBXProject "Grocr" */ = {
			isa = XCConfigurationList;
			buildConfigurations = (
				14A857E6196B476500901085 /* Debug */,
				14A857E7196B476500901085 /* Release */,
			);
			defaultConfigurationIsVisible = 0;
			defaultConfigurationName = Release;
		};
		14A857E8196B476500901085 /* Build configuration list for PBXNativeTarget "Grocr" */ = {
			isa = XCConfigurationList;
			buildConfigurations = (
				14A857E9196B476500901085 /* Debug */,
				14A857EA196B476500901085 /* Release */,
			);
			defaultConfigurationIsVisible = 0;
		};
		14A857EB196B476500901085 /* Build configuration list for PBXNativeTarget "GrocrTests" */ = {
			isa = XCConfigurationList;
			buildConfigurations = (
				14A857EC196B476500901085 /* Debug */,
				14A857ED196B476500901085 /* Release */,
			);
			defaultConfigurationIsVisible = 0;
		};
/* End XCConfigurationList section */
	};
	rootObject = 14A857AE196B476400901085 /* Project object */;
}
